# THIS IS AN AUTOGENERATED FILE. DO NOT EDIT THIS FILE DIRECTLY.
# yarn lockfile v1


"@adraffy/ens-normalize@1.10.0":
  version "1.10.0"
  resolved "https://registry.npmmirror.com/@adraffy/ens-normalize/-/ens-normalize-1.10.0.tgz#d2a39395c587e092d77cbbc80acf956a54f38bf7"
  integrity sha512-nA9XHtlAkYfJxY7bce8DcN7eKxWWCWkU+1GR9d+U6MbNpfwQp8TI7vqOsBsMcHoT4mBu2kypKoSKnghEzOOq5Q==

"@ethereumjs/common@^4.1.0":
  version "4.1.0"
  resolved "https://registry.npmmirror.com/@ethereumjs/common/-/common-4.1.0.tgz#0a959320a69bd2e3b194144b29c61b63bd6e2f6a"
  integrity sha512-XWdQvUjlQHVwh4uGEPFKHpsic69GOsMXEhlHrggS5ju/+2zAmmlz6B25TkCCymeElC9DUp13tH5Tc25Iuvtlcg==
  dependencies:
    "@ethereumjs/util" "^9.0.1"
    crc "^4.3.2"

"@ethereumjs/rlp@^5.0.1":
  version "5.0.1"
  resolved "https://registry.npmmirror.com/@ethereumjs/rlp/-/rlp-5.0.1.tgz#56c5433b9242f956e354fd7e4ce3523815e24854"
  integrity sha512-Ab/Hfzz+T9Zl+65Nkg+9xAmwKPLicsnQ4NW49pgvJp9ovefuic95cgOS9CbPc9izIEgsqm1UitV0uNveCvud9w==

"@ethereumjs/tx@^5.1.0":
  version "5.1.0"
  resolved "https://registry.npmmirror.com/@ethereumjs/tx/-/tx-5.1.0.tgz#c61a9048ec09fff360b18188224aae90c370e57f"
  integrity sha512-VUhw2+4yXArJZRWhPjmZFrN4WUjUo0qUZUszVpW2KzsGlqCFf67kwJcH9Rca5eS0CRHjr2qHJLpvYOjNuaXVdA==
  dependencies:
    "@ethereumjs/common" "^4.1.0"
    "@ethereumjs/rlp" "^5.0.1"
    "@ethereumjs/util" "^9.0.1"
    ethereum-cryptography "^2.1.2"

"@ethereumjs/util@^9.0.1":
  version "9.0.1"
  resolved "https://registry.npmmirror.com/@ethereumjs/util/-/util-9.0.1.tgz#cbe0380981263451e3080ddcd74accf4b10f8723"
  integrity sha512-NdFFEzCc3H1sYkNnnySwLg6owdQMhjUc2jfuDyx8Xv162WSluCnnSKouKOSG3njGNEyy2I9NmF8zTRDwuqpZWA==
  dependencies:
    "@ethereumjs/rlp" "^5.0.1"
    ethereum-cryptography "^2.1.2"

"@noble/curves@1.1.0", "@noble/curves@~1.1.0":
  version "1.1.0"
  resolved "https://registry.npmjs.org/@noble/curves/-/curves-1.1.0.tgz#f13fc667c89184bc04cccb9b11e8e7bae27d8c3d"
  integrity sha512-091oBExgENk/kGj3AZmtBDMpxQPDtxQABR2B9lb1JbVTs6ytdzZNwvhxQ4MWasRNEzlbEH8jCWFCwhF/Obj5AA==
  dependencies:
    "@noble/hashes" "1.3.1"

"@noble/curves@1.2.0":
  version "1.2.0"
  resolved "https://registry.npmmirror.com/@noble/curves/-/curves-1.2.0.tgz#92d7e12e4e49b23105a2555c6984d41733d65c35"
  integrity sha512-oYclrNgRaM9SsBUBVbb8M6DTV7ZHRTKugureoYEncY5c65HOmRzvSiTE3y5CYaPYJA/GVkrhXEoF0M3Ya9PMnw==
  dependencies:
    "@noble/hashes" "1.3.2"

"@noble/hashes@1.3.1":
  version "1.3.1"
  resolved "https://registry.npmjs.org/@noble/hashes/-/hashes-1.3.1.tgz#8831ef002114670c603c458ab8b11328406953a9"
  integrity sha512-EbqwksQwz9xDRGfDST86whPBgM65E0OH/pCgqW0GBVzO22bNE+NuIbeTb714+IfSjU3aRk47EUvXIb5bTsenKA==

"@noble/hashes@1.3.2", "@noble/hashes@~1.3.0", "@noble/hashes@~1.3.1":
  version "1.3.2"
  resolved "https://registry.npmjs.org/@noble/hashes/-/hashes-1.3.2.tgz#6f26dbc8fbc7205873ce3cee2f690eba0d421b39"
  integrity sha512-MVC8EAQp7MvEcm30KWENFjgR+Mkmf+D189XJTkFIlwohU5hcBbn1ZkKq7KVTi2Hme3PMGF390DaL52beVrIihQ==

"@scure/base@~1.1.0":
  version "1.1.3"
  resolved "https://registry.npmjs.org/@scure/base/-/base-1.1.3.tgz#8584115565228290a6c6c4961973e0903bb3df2f"
  integrity sha512-/+SgoRjLq7Xlf0CWuLHq2LUZeL/w65kfzAPG5NH9pcmBhs+nunQTn4gvdwgMTIXnt9b2C/1SeL2XiysZEyIC9Q==

"@scure/bip32@1.3.1":
  version "1.3.1"
  resolved "https://registry.npmjs.org/@scure/bip32/-/bip32-1.3.1.tgz#7248aea723667f98160f593d621c47e208ccbb10"
  integrity sha512-osvveYtyzdEVbt3OfwwXFr4P2iVBL5u1Q3q4ONBfDY/UpOuXmOlbgwc1xECEboY8wIays8Yt6onaWMUdUbfl0A==
  dependencies:
    "@noble/curves" "~1.1.0"
    "@noble/hashes" "~1.3.1"
    "@scure/base" "~1.1.0"

"@scure/bip39@1.2.1":
  version "1.2.1"
  resolved "https://registry.npmjs.org/@scure/bip39/-/bip39-1.2.1.tgz#5cee8978656b272a917b7871c981e0541ad6ac2a"
  integrity sha512-Z3/Fsz1yr904dduJD0NpiyRHhRYHdcnyh73FZWiV+/qhWi83wNJ3NWolYqCEN+ZWsUz2TWwajJggcRE9r1zUYg==
  dependencies:
    "@noble/hashes" "~1.3.0"
    "@scure/base" "~1.1.0"

"@types/node@18.15.13":
  version "18.15.13"
  resolved "https://registry.npmmirror.com/@types/node/-/node-18.15.13.tgz#f64277c341150c979e42b00e4ac289290c9df469"
  integrity sha512-N+0kuo9KgrUQ1Sn/ifDXsvg0TTleP7rIy4zOBGECxAljqvqfqpTfzx0Q1NUedOixRMBfe2Whhb056a42cWs26Q==

aes-js@4.0.0-beta.5:
  version "4.0.0-beta.5"
  resolved "https://registry.npmmirror.com/aes-js/-/aes-js-4.0.0-beta.5.tgz#8d2452c52adedebc3a3e28465d858c11ca315873"
  integrity sha512-G965FqalsNyrPqgEGON7nIx1e/OVENSgiEIzyC63haUMuvNnwIgIjMs52hlTCKhkBny7A2ORNlfY9Zu+jmGk1Q==

asynckit@^0.4.0:
  version "0.4.0"
  resolved "https://registry.npmjs.org/asynckit/-/asynckit-0.4.0.tgz#c79ed97f7f34cb8f2ba1bc9790bcc366474b4b79"
  integrity sha512-Oei9OH4tRh0YqU3GxhX79dM/mwVgvbZJaSNaRk+bshkj0S5cfHcgYakreBjrHwatXKbz+IoIdYLxrKim2MjW0Q==

axios@^1.4.0:
  version "1.5.0"
  resolved "https://registry.npmjs.org/axios/-/axios-1.5.0.tgz#f02e4af823e2e46a9768cfc74691fdd0517ea267"
  integrity sha512-D4DdjDo5CY50Qms0qGQTTw6Q44jl7zRwY7bthds06pUGfChBCTcQs+N743eFWGEd6pRTMd6A+I87aWyFV5wiZQ==
  dependencies:
    follow-redirects "^1.15.0"
    form-data "^4.0.0"
    proxy-from-env "^1.1.0"

bindings@^1.5.0:
  version "1.5.0"
  resolved "https://registry.npmjs.org/bindings/-/bindings-1.5.0.tgz#10353c9e945334bc0511a6d90b38fbc7c9c504df"
  integrity sha512-p2q/t/mhvuOj/UeLlV6566GD/guowlr0hHxClI0W9m7MWYkL1F0hLo+0Aexs9HSPCtR1SXQ0TD3MMKrXZajbiQ==
  dependencies:
    file-uri-to-path "1.0.0"

c-kzg@^2.1.2:
  version "2.1.2"
  resolved "https://registry.npmmirror.com/c-kzg/-/c-kzg-2.1.2.tgz#355eca750c1b70398f533be5dd33e7ffbde005d8"
  integrity sha512-QmP4vTp5H2hN4mkKXF9VXtZ7k7oH1kmBxLiFT/7LcyE78RgX32zvPGfwtRAsrq/b3T6RZFIsHZvQEN7JdzoNOg==
  dependencies:
    bindings "^1.5.0"
    node-addon-api "^5.0.0"

colors-cli@^1.0.33:
  version "1.0.33"
  resolved "https://registry.npmjs.org/colors-cli/-/colors-cli-1.0.33.tgz#22810216e3aaf726b821f6dd3a431a9340ae99cf"
  integrity sha512-PWGsmoJFdOB0t+BeHgmtuoRZUQucOLl5ii81NBzOOGVxlgE04muFNHlR5j8i8MKbOPELBl3243AI6lGBTj5ICQ==

combined-stream@^1.0.8:
  version "1.0.8"
  resolved "https://registry.npmjs.org/combined-stream/-/combined-stream-1.0.8.tgz#c3d45a8b34fd730631a110a8a2520682b31d5a7f"
  integrity sha512-FQN4MRfuJeHf7cBbBMJFXhKSDq+2kAArBlmRBvcvFE5BB1HZKXtSFASDhdlz9zOYwxh8lDdnvmMOe/+5cdoEdg==
  dependencies:
    delayed-stream "~1.0.0"

crc@^4.3.2:
  version "4.3.2"
  resolved "https://registry.npmjs.org/crc/-/crc-4.3.2.tgz#49b7821cbf2cf61dfd079ed93863bbebd5469b9a"
  integrity sha512-uGDHf4KLLh2zsHa8D8hIQ1H/HtFQhyHrc0uhHBcoKGol/Xnb+MPYfUMw7cvON6ze/GUESTudKayDcJC5HnJv1A==

delayed-stream@~1.0.0:
  version "1.0.0"
  resolved "https://registry.npmjs.org/delayed-stream/-/delayed-stream-1.0.0.tgz#df3ae199acadfb7d440aaae0b29e2272b24ec619"
  integrity sha512-ZySD7Nf91aLB0RxL4KGrKHBXl7Eds1DAmEdcoVawXnLD7SDhpNgtuII2aAkg7a7QS41jxPSZ17p4VdGnMHk3MQ==

ethereum-cryptography@^2.1.2:
  version "2.1.2"
  resolved "https://registry.npmjs.org/ethereum-cryptography/-/ethereum-cryptography-2.1.2.tgz#18fa7108622e56481157a5cb7c01c0c6a672eb67"
  integrity sha512-Z5Ba0T0ImZ8fqXrJbpHcbpAvIswRte2wGNR/KePnu8GbbvgJ47lMxT/ZZPG6i9Jaht4azPDop4HaM00J0J59ug==
  dependencies:
    "@noble/curves" "1.1.0"
    "@noble/hashes" "1.3.1"
    "@scure/bip32" "1.3.1"
    "@scure/bip39" "1.2.1"

ethers@^6.9.1:
  version "6.9.1"
  resolved "https://registry.npmmirror.com/ethers/-/ethers-6.9.1.tgz#4d50c77b46b6661e00f5cc6292e6bcd933fe4cba"
  integrity sha512-kuV8fGd4/8Gj7wkurbsuUsm1DCG6N5gKGYdw3fnWG/7QGknhy1xtHD7kbkCWQAcbAYmzLCLqCPedS3FYncFkKQ==
  dependencies:
    "@adraffy/ens-normalize" "1.10.0"
    "@noble/curves" "1.2.0"
    "@noble/hashes" "1.3.2"
    "@types/node" "18.15.13"
    aes-js "4.0.0-beta.5"
    tslib "2.4.0"
    ws "8.5.0"

ethstorage-sdk@^1.0.2:
  version "1.0.2"
  resolved "https://registry.npmjs.org/ethstorage-sdk/-/ethstorage-sdk-1.0.2.tgz#27a06a48d9ebdcb839535a83b0b3ce27f2d4876a"
  integrity sha512-AIWMXWbIDGKJ3cTVw3DhZjpg/5lt8C2cDnQno8cBWE9tARI/DK6RN9AqQnXWYoPvCc8tWMuiG8tcoZejCXmAbQ==
  dependencies:
    "@ethereumjs/common" "^4.1.0"
    "@ethereumjs/tx" "^5.1.0"
    axios "^1.4.0"
    c-kzg "^2.1.2"
    ethers "^6.9.1"

file-uri-to-path@1.0.0:
  version "1.0.0"
  resolved "https://registry.npmjs.org/file-uri-to-path/-/file-uri-to-path-1.0.0.tgz#553a7b8446ff6f684359c445f1e37a05dacc33dd"
  integrity sha512-0Zt+s3L7Vf1biwWZ29aARiVYLx7iMGnEUl9x33fbB/j3jR81u/O2LbqK+Bm1CDSNDKVtJ/YjwY7TUd5SkeLQLw==

follow-redirects@^1.15.0:
  version "1.15.2"
  resolved "https://registry.npmjs.org/follow-redirects/-/follow-redirects-1.15.2.tgz#b460864144ba63f2681096f274c4e57026da2c13"
  integrity sha512-VQLG33o04KaQ8uYi2tVNbdrWp1QWxNNea+nmIB4EVM28v0hmP17z7aG1+wAkNzVq4KeXTq3221ye5qTJP91JwA==

form-data@^4.0.0:
  version "4.0.0"
  resolved "https://registry.npmjs.org/form-data/-/form-data-4.0.0.tgz#93919daeaf361ee529584b9b31664dc12c9fa452"
  integrity sha512-ETEklSGi5t0QMZuiXoA/Q6vcnxcLQP5vdugSpuAyi6SVGi2clPPp+xgEhuMaHC+zGgn31Kd235W35f7Hykkaww==
  dependencies:
    asynckit "^0.4.0"
    combined-stream "^1.0.8"
    mime-types "^2.1.12"

mime-db@1.52.0:
  version "1.52.0"
  resolved "https://registry.npmjs.org/mime-db/-/mime-db-1.52.0.tgz#bbabcdc02859f4987301c856e3387ce5ec43bf70"
  integrity sha512-sPU4uV7dYlvtWJxwwxHD0PuihVNiE7TyAbQ5SWxDCB9mUYvOgroQOwYQQOKPJ8CIbE+1ETVlOoK1UC2nU3gYvg==

mime-types@^2.1.12:
  version "2.1.35"
  resolved "https://registry.npmjs.org/mime-types/-/mime-types-2.1.35.tgz#381a871b62a734450660ae3deee44813f70d959a"
  integrity sha512-ZDY+bPm5zTTF+YpCrAU9nK0UgICYPT0QtT1NZWFv4s++TNkcgVaT0g6+4R2uI4MjQjzysHB1zxuWL50hzaeXiw==
  dependencies:
    mime-db "1.52.0"

minimist@^1.2.8:
  version "1.2.8"
  resolved "https://registry.npmjs.org/minimist/-/minimist-1.2.8.tgz#c1a464e7693302e082a075cee0c057741ac4772c"
  integrity sha512-2yyAR8qBkN3YuheJanUpWC5U3bb5osDywNB8RzDVlDwDHbocAJveqqj1u8+SVD7jkWT4yvsHCpWqqWqAxb0zCA==

node-addon-api@^5.0.0:
  version "5.1.0"
  resolved "https://registry.npmjs.org/node-addon-api/-/node-addon-api-5.1.0.tgz#49da1ca055e109a23d537e9de43c09cca21eb762"
  integrity sha512-eh0GgfEkpnoWDq+VY8OyvYhFEzBk6jIYbRKdIlyTiAXIVJ8PyBaKb0rp7oDtoddbdoHWhq8wwr+XZ81F1rpNdA==

proxy-from-env@^1.1.0:
  version "1.1.0"
  resolved "https://registry.npmjs.org/proxy-from-env/-/proxy-from-env-1.1.0.tgz#e102f16ca355424865755d2c9e8ea4f24d58c3e2"
  integrity sha512-D+zkORCbA9f1tdWRK0RaCR3GPv50cMxcrz4X8k5LTSUD1Dkw47mKJEZQNunItRTkWwgtaUSo1RVFRIG9ZXiFYg==

tslib@2.4.0:
  version "2.4.0"
  resolved "https://registry.npmmirror.com/tslib/-/tslib-2.4.0.tgz#7cecaa7f073ce680a05847aa77be941098f36dc3"
  integrity sha512-d6xOpEDfsi2CZVlPQzGeux8XMwLT9hssAsaPYExaQMuYskwb+x1x7J371tWlbBdWHroy99KnVB6qIkUbs5X3UQ==

uuid@^9.0.1:
  version "9.0.1"
  resolved "https://registry.npmjs.org/uuid/-/uuid-9.0.1.tgz#e188d4c8853cc722220392c424cd637f32293f30"
  integrity sha512-b+1eJOlsR9K8HJpow9Ok3fiWOWSIcIzXodvv0rQjVoOVNpWMpxf1wZNpt4y9h10odCNrqnYp1OBzRktckBe3sA==

ws@8.5.0:
  version "8.5.0"
  resolved "https://registry.npmmirror.com/ws/-/ws-8.5.0.tgz#bfb4be96600757fe5382de12c670dab984a1ed4f"
  integrity sha512-BWX0SWVgLPzYwF8lTzEy1egjhS4S4OEAHfsO8o65WOVsrnSRGaSiUaa9e0ggGlkMTtBlmOpEXiie9RUcBO86qg==
